
Microsoft Visual Studio Solution File, Format Version 12.00
# Visual Studio Version 16
VisualStudioVersion = 16.0.31605.320
MinimumVisualStudioVersion = 10.0.40219.1
Project("{FAE04EC0-301F-11D3-BF4B-00C04F79EFBC}") = "AssetMgtSystem", "AssetMgtSystem.csproj", "{59D9C929-BD0A-42B9-86EE-45D174D8A04B}"
EndProject
Global
	GlobalSection(SolutionConfigurationPlatforms) = preSolution
		Debug|Any CPU = Debug|Any CPU
		Release|Any CPU = Release|Any CPU
	EndGlobalSection
	GlobalSection(ProjectConfigurationPlatforms) = postSolution
		{59D9C929-BD0A-42B9-86EE-45D174D8A04B}.Debug|Any CPU.ActiveCfg = Debug|Any CPU
		{59D9C929-BD0A-42B9-86EE-45D174D8A04B}.Debug|Any CPU.Build.0 = Debug|Any CPU
		{59D9C929-BD0A-42B9-86EE-45D174D8A04B}.Release|Any CPU.ActiveCfg = Release|Any CPU
		{59D9C929-BD0A-42B9-86EE-45D174D8A04B}.Release|Any CPU.Build.0 = Release|Any CPU
	EndGlobalSection
	GlobalSection(SolutionProperties) = preSolution
		HideSolutionNode = FALSE
	EndGlobalSection
	GlobalSection(ExtensibilityGlobals) = postSolution
		SolutionGuid = {EFC1372E-20EB-460F-B6F7-A59A3D5D6A51}
	EndGlobalSection
EndGlobal
